
Microsoft Visual Studio Solution File, Format Version 12.00
# Visual Studio Version 17
VisualStudioVersion = 17.13.35828.75 d17.13
MinimumVisualStudioVersion = 10.0.40219.1
Project("{FAE04EC0-301F-11D3-BF4B-00C04F79EFBC}") = "P01_Student_System", "P01_Student_System\P01_Student_System.csproj", "{9DC408CD-AB71-45E5-9891-98CA32F60CA9}"
EndProject
Global
	GlobalSection(SolutionConfigurationPlatforms) = preSolution
		Debug|Any CPU = Debug|Any CPU
		Release|Any CPU = Release|Any CPU
	EndGlobalSection
	GlobalSection(ProjectConfigurationPlatforms) = postSolution
		{9DC408CD-AB71-45E5-9891-98CA32F60CA9}.Debug|Any CPU.ActiveCfg = Debug|Any CPU
		{9DC408CD-AB71-45E5-9891-98CA32F60CA9}.Debug|Any CPU.Build.0 = Debug|Any CPU
		{9DC408CD-AB71-45E5-9891-98CA32F60CA9}.Release|Any CPU.ActiveCfg = Release|Any CPU
		{9DC408CD-AB71-45E5-9891-98CA32F60CA9}.Release|Any CPU.Build.0 = Release|Any CPU
	EndGlobalSection
	GlobalSection(SolutionProperties) = preSolution
		HideSolutionNode = FALSE
	EndGlobalSection
	GlobalSection(ExtensibilityGlobals) = postSolution
		SolutionGuid = {6D7F3966-2D4C-42CF-8B3A-BB8958C38B90}
	EndGlobalSection
EndGlobal
